github.com/davecgh/go-spew v1.1.1 h1:vj9j/u1bqnvCEfJOwUhtlOARqs3+rkHYY13jYWTU97c=
github.com/davecgh/go-spew v1.1.1/go.mod h1:J7Y8YcW2NihsgmVo/mv3lAwl/skON4iLHjSsI+c5H38=
github.com/docker/cli v29.7.2+incompatible h1:dlkwallR8XqfeVnA2ELEhdwvb4lsSwuB4IgsG8Q9cLY=
github.com/docker/cli v29.7.2+incompatible/go.mod h1:JLrzqnKDaYBop7H2jaqPtU4hHvMKP+vjCwu2uszcLI8=
github.com/docker/docker-credential-helpers v0.9.3 h1:gAm/VtF9wgqJMoxzT3Gj5p4AqIjCBS4wrsOh9yRqcz8=
github.com/docker/docker-credential-helpers v0.9.3/go.mod h1:x+4Gbw9aGmChi3qTLZj8Dfn0TD20M/fuWy0E5+WDeCo=
github.com/google/go-cmp v0.7.0 h1:wk8382ETsv4JYUZwIsn6YpYiWiBsYLSJiTsyBybVuN8=
github.com/google/go-cmp v0.7.0/go.mod h1:pXiqmnSA92OHEEa9HXL2W4E7lf9JzCmGVUdgjX3N/iU=
github.com/google/go-containerregistry v0.22.1 h1:RZuuSYhTvlDvtsK+NkutoCZ//C0X2ebLK8X8l3ULs84=
github.com/google/go-containerregistry v0.22.1/go.mod h1:bJR35SK8XgisYmhg/FMQ/5RK0S/XrOAqLBV5/LR2XE0=
github.com/google/uuid v1.6.0 h1:NIvaJDMOsjHA8n1jAhLSgzrAzy1Hgr+hNrb57e+94F0=
github.com/google/uuid v1.6.0/go.mod h1:TIyPZe4MgqvfeYDBFedMoGGpEw/LqOeaOT+nhxU+yHo=
github.com/gorilla/websocket v1.5.3 h1:saDtZ6Pbx/0u+bgYQ3q96pZgCzfhKXGPqt7kZ72aNNg=
github.com/gorilla/websocket v1.5.3/go.mod h1:YR8l580nyteQvAITg2hZ9XVh4b55+EU/adAjf1fMHhE=
github.com/klauspost/compress v1.19.2 h1:hMRETovs/pu/dVWN7zIT1PGG8t509MwT6bO7XSi26R8=
github.com/klauspost/compress v1.19.2/go.mod h1:cwPg85FWrGar70rWktvGQj8/hthj3wpl0PGDogxkrSQ=
github.com/lib/pq v1.12.3 h1:tTWxr2YLKwIvK90ZXEw8GP7UFHtcbTtty8zsI+YjrfQ=
github.com/lib/pq v1.12.3/go.mod h1:/p+8NSbOcwzAEI7wiMXFlgydTwcgTr3OSKMsD2BitpA=
github.com/opencontainers/go-digest v1.0.0 h1:apOUWs51W5PlhuyGyz9FCeeBIOUDA/6nW8Oi/yOhh5U=
github.com/opencontainers/go-digest v1.0.0/go.mod h1:0JzlMkj0TRzQZfJkVvzbP0HBR3IKzErnv2BNG4W4MAM=
github.com/opencontainers/image-spec v1.1.1 h1:y0fUlFfIZhPF1W537XOLg0/fcx6zcHCJwooC2xJA040=
github.com/opencontainers/image-spec v1.1.1/go.mod h1:qpqAh3Dmcf36wStyyWU+kCeDgrGnAve2nCC8+7h8Q0M=
github.com/pmezard/go-difflib v1.0.0 h1:4DBwDE0NGyQoBHbLQYPwSUPoCMWR5BEzIk/f1lZbAQM=
github.com/pmezard/go-difflib v1.0.0/go.mod h1:iKH77koFhYxTK1pcRnkKkqfTogsbg7gZNVY4sRDYZ/4=
github.com/saichler/l8bus v0.0.0-20260920024857-555f4a280346 h1:TpSMv+wiguo1m0Q87VNeFwoZbj8uPlqv2RH1dIP6Mjo=
github.com/saichler/l8bus v0.0.0-20260920024857-555f4a280346/go.mod h1:ZK1m4Zqy9WhGVZXl5znHTr7+/r19rOytqwBqhH02Ui8=
github.com/saichler/l8common v0.0.0-20260920032814-32b827380ab2 h1:fP55SVLfU+XzRrj4w36ngPK3YEuFVHzW536tqlZLNBA=
github.com/saichler/l8common v0.0.0-20260920032814-32b827380ab2/go.mod h1:O7WSHyHK4HPPkolxZn41hxzA0ufOTo6jDcTqL7KRS8k=
github.com/saichler/l8events v0.0.0-20260920032941-9a68815e426a h1:ZID35z6VOTm3g8QGBeg0TY9jdEO+zT1vdw0icoCueAk=
github.com/saichler/l8events v0.0.0-20260920032941-9a68815e426a/go.mod h1:I4Q8hqG5md+SNPUj4In9vSUlyqQERVQuxA+s6hCas54=
github.com/saichler/l8logfusion v0.0.0-20260320120056-3a3617eed28f h1:Nu6RgBrk2H9tSXSRCsahJb/f8hrMrsL6zfYuSA5WutU=
github.com/saichler/l8logfusion v0.0.0-20260320120056-3a3617eed28f/go.mod h1:EhJL938t2Xp4gOS6qw267xa5hNuumSVUi1zhWzTxZk8=
github.com/saichler/l8notify v0.0.0-20260920033004-b2eeb80a0754 h1:79mDr1cKdVhAaJW1B49LBWjQJZ4s7YWfbXC4Xum7mGQ=
github.com/saichler/l8notify v0.0.0-20260920033004-b2eeb80a0754/go.mod h1:L7K9krej6ZIA24Vy8sGaIQivJdO6m9AlWJIBISa2LKc=
github.com/saichler/l8orm v0.0.0-20260916142109-e7f0284c95ee h1:B53gbdJ+bJnTEq8vpfDFaHxVFWVwjEvGKtQ3jlTQa4Q=
github.com/saichler/l8orm v0.0.0-20260916142109-e7f0284c95ee/go.mod h1:FYnievTs9ZZ3WE8pjDC1y2Mu+SnNJa7rPY5q1LJbn+A=
github.com/saichler/l8pollaris v0.0.0-20260418233826-378ba5e9453a h1:kRhMgzkwvc+Odh/LpTObaaar1ffCkTEeZPXlSB1smfI=
github.com/saichler/l8pollaris v0.0.0-20260418233826-378ba5e9453a/go.mod h1:rKrN5hhpgU8hjfPZ6R8/iYN7UWhTZ4t168jcwa9HVMQ=
github.com/saichler/l8ql v0.0.0-20260915205353-691ef2e3d8be h1:NTONXy71PNP7rfkkKNCv92l7TX1W3vEw/Htk2dq5Egs=
github.com/saichler/l8ql v0.0.0-20260915205353-691ef2e3d8be/go.mod h1:boBPUwEYgpyyTcZcqqjDDYgqkjemEO7iR8kdOwkS1S0=
github.com/saichler/l8reflect v0.0.0-20260510153526-a40cb00e4db2 h1:2eDzFMHV/qPqgvz5Kr72q+FStRX9+JSqpX1Ay1cQIAs=
github.com/saichler/l8reflect v0.0.0-20260510153526-a40cb00e4db2/go.mod h1:yCkCd5JQKqKG+dr6h0HYDiLvNAB8uLUUOdWApnWUw24=
github.com/saichler/l8services v0.0.0-20260919200933-6f42bea5de04 h1:6f11VSN/U791frui/1Fh85UQe1SGa3b/u/N2yfTXWAM=
github.com/saichler/l8services v0.0.0-20260919200933-6f42bea5de04/go.mod h1:9c3fnIfjQmQ4kyk5Nm3+LsrRWOwmbXvIzK2Xmjf8f1c=
github.com/saichler/l8srlz v0.0.0-20260915183526-7f9f6a0275c2 h1:c35ELO15MmBXO4FjDNzo+gG5qA/alTSui7RvizkI2jw=
github.com/saichler/l8srlz v0.0.0-20260915183526-7f9f6a0275c2/go.mod h1:uDYNwF/5JUA39cg47kX8k+Qh5sI5WjfxgrfmCX5zmwo=
github.com/saichler/l8test v0.0.0-20260412034023-fd4cffd34f89 h1:G3cHYkdzEoJb5Btsoz629zFoYQSmTzCI0EIplwXxZ08=
github.com/saichler/l8test v0.0.0-20260412034023-fd4cffd34f89/go.mod h1:C4B8Zpv0L/Di/qB0lOWHOXF3r3Pz/6Oabu730TthWsc=
github.com/saichler/l8types v0.0.0-20260913222005-0b4a31604ebc h1:+SaHuit1ACY+FTfanIVczYPyaxCW+Gvidnf6bMheltw=
github.com/saichler/l8types v0.0.0-20260913222005-0b4a31604ebc/go.mod h1:0+Snl9PYq+caqTu6OBVaw7mQVn0TrRY9OJz+GelHuM4=
github.com/saichler/l8utils v0.0.0-20260920024855-461c335f6b8c h1:EJyRAsZRFT6guR3rbLKcW4wPoOteA6zIwqGR+jx6rSQ=
github.com/saichler/l8utils v0.0.0-20260920024855-461c335f6b8c/go.mod h1:nKdvYAEGLyHfxPg09oR6OfkJ0SniSbPb+Zi6wr/D5LU=
github.com/saichler/l8web v0.0.0-20260920002634-0e48182bb933 h1:6eYAZxgTRzF6qJbFVjzpyZbEAR7LRM4cQjzEkZPG0P8=
github.com/saichler/l8web v0.0.0-20260920002634-0e48182bb933/go.mod h1:r2j6dgKs41L+dwaSh3hQ9OJN0RnQP0C8NWxAbAn+c8c=
github.com/saichler/probler v0.0.0-20260917181059-f2a3c9694757 h1:hiUdbByYBafQsyoZZz2T6KGfbBMjukf7HEy0aiF/YxA=
github.com/saichler/probler v0.0.0-20260917181059-f2a3c9694757/go.mod h1:3SmozVci2+FIzlQkm7PuXcUxfG8Qjc+Nml1/0AJPQrc=
github.com/sirupsen/logrus v1.9.4 h1:TsZE7l11zFCLZnZ+teH4Umoq5BhEIfIzfRDZ1Uzql2w=
github.com/sirupsen/logrus v1.9.4/go.mod h1:ftWc9WdOfJ0a92nsE2jF5u5ZwH8Bv2zdeOC42RjbV2g=
github.com/stretchr/testify v1.10.0 h1:Xv5erBjTwe/5IxqUQTdXv5kgmIvbHo3QQyRwhJsOfJA=
github.com/stretchr/testify v1.10.0/go.mod h1:r2ic/lqez/lEtzL7wO/rwa5dbSLXVDPFyf8C91i36aY=
golang.org/x/sync v0.22.0 h1:SZjpbeLmrCk4xhRSZFNZW5gFUeCeFgjekvI/+gfScek=
golang.org/x/sync v0.22.0/go.mod h1:9xrNwdLfx4jkKbNva9FpL6vEN7evnE43NNNJQ2LF3+0=
golang.org/x/sys v0.47.0 h1:o7XGOvZQCADBQQ4Y7VNq2dRWQR7JmOUW8Kxx4ZsNgWs=
golang.org/x/sys v0.47.0/go.mod h1:4GL1E5IUh+htKOUEOaiffhrAeqysfVGipDYzABqnCmw=
google.golang.org/protobuf v1.36.12 h1:pJOKDDOyeXErUroCihFAd5LQuwXBSpVnKGrj5o/fwxc=
google.golang.org/protobuf v1.36.12/go.mod h1:HTf+CrKn2C3g5S8VImy6tdcUvCska2kB7j23XfzDpco=
gopkg.in/yaml.v3 v3.0.1 h1:fxVm/GzAzEWqLHuvctI91KS9hhNmmWOoWu0XTYJS7CA=
gopkg.in/yaml.v3 v3.0.1/go.mod h1:K4uyk7z7BCEPqu6E+C64Yfv1cQ7kz7rIZviUmN+EgEM=
gotest.tools/v3 v3.5.2 h1:7koQfIKdy+I8UTetycgUqXWSDwpgv193Ka+qRsmBY8Q=
gotest.tools/v3 v3.5.2/go.mod h1:LtdLGcnqToBH83WByAAi/wiwSFCArdFIUV/xxN4pcjA=
